Microsoft Visual Studio Solution File, Format Version 12.00
# Visual Studio 14
VisualStudioVersion = 14.0.25420.1
MinimumVisualStudioVersion = 10.0.40219.1
Project("{8BC9CEB8-8B4A-11D0-8D11-00A0C91BC942}") = "服务核心", "公共组件\服务核心\ServiceCore.vcxproj", "{B1320037-89DD-4F99-A628-69DC200DFA05}"
EndProject
Project("{8BC9CEB8-8B4A-11D0-8D11-00A0C91BC942}") = "协调服务器", "服务器组件\协调服务器\Correspond.vcxproj", "{0167D883-34DA-47FC-A903-6BE341FD8DC5}"
	ProjectSection(ProjectDependencies) = postProject
		{B1320037-89DD-4F99-A628-69DC200DFA05} = {B1320037-89DD-4F99-A628-69DC200DFA05}
	EndProjectSection
EndProject
Project("{8BC9CEB8-8B4A-11D0-8D11-00A0C91BC942}") = "登录服务器", "服务器组件\登录服务器\LogonServer.vcxproj", "{CD826B8C-89BD-44AF-A1DE-0A91494CD763}"
	ProjectSection(ProjectDependencies) = postProject
		{B1320037-89DD-4F99-A628-69DC200DFA05} = {B1320037-89DD-4F99-A628-69DC200DFA05}
	EndProjectSection
EndProject
Project("{8BC9CEB8-8B4A-11D0-8D11-00A0C91BC942}") = "模块管理", "服务器组件\模块管理\ModuleManager.vcxproj", "{ED28DEC3-BBC7-43FA-998B-11DCFAA69CEF}"
	ProjectSection(ProjectDependencies) = postProject
		{B1320037-89DD-4F99-A628-69DC200DFA05} = {B1320037-89DD-4F99-A628-69DC200DFA05}
	EndProjectSection
EndProject
Project("{8BC9CEB8-8B4A-11D0-8D11-00A0C91BC942}") = "游戏服务", "服务器组件\游戏服务\GameService.vcxproj", "{07F0CF5A-4D5D-4DBB-A723-4DF612C3AB33}"
	ProjectSection(ProjectDependencies) = postProject
		{B1320037-89DD-4F99-A628-69DC200DFA05} = {B1320037-89DD-4F99-A628-69DC200DFA05}
	EndProjectSection
EndProject
Project("{8BC9CEB8-8B4A-11D0-8D11-00A0C91BC942}") = "游戏服务器", "服务器组件\游戏服务器\GameServer.vcxproj", "{267C213B-3F02-4627-8734-E361A61C83F9}"
	ProjectSection(ProjectDependencies) = postProject
		{1DA6CD23-9AFD-426B-B9CC-65AC90E977AA} = {1DA6CD23-9AFD-426B-B9CC-65AC90E977AA}
		{B1320037-89DD-4F99-A628-69DC200DFA05} = {B1320037-89DD-4F99-A628-69DC200DFA05}
		{07F0CF5A-4D5D-4DBB-A723-4DF612C3AB33} = {07F0CF5A-4D5D-4DBB-A723-4DF612C3AB33}
		{ED28DEC3-BBC7-43FA-998B-11DCFAA69CEF} = {ED28DEC3-BBC7-43FA-998B-11DCFAA69CEF}
	EndProjectSection
EndProject
Project("{8BC9CEB8-8B4A-11D0-8D11-00A0C91BC942}") = "比赛服务", "服务器组件\比赛服务\GameMatchServer.vcxproj", "{CA071FF5-97BF-42C3-99AF-FE8F8A0F0AF2}"
	ProjectSection(ProjectDependencies) = postProject
		{B1320037-89DD-4F99-A628-69DC200DFA05} = {B1320037-89DD-4F99-A628-69DC200DFA05}
		{07F0CF5A-4D5D-4DBB-A723-4DF612C3AB33} = {07F0CF5A-4D5D-4DBB-A723-4DF612C3AB33}
		{ED28DEC3-BBC7-43FA-998B-11DCFAA69CEF} = {ED28DEC3-BBC7-43FA-998B-11DCFAA69CEF}
	EndProjectSection
EndProject
Project("{8BC9CEB8-8B4A-11D0-8D11-00A0C91BC942}") = "聊天服务器", "服务器组件\聊天服务器\ChatServer.vcxproj", "{09ED82CF-F62F-4995-9677-20F117E10065}"
	ProjectSection(ProjectDependencies) = postProject
		{B1320037-89DD-4F99-A628-69DC200DFA05} = {B1320037-89DD-4F99-A628-69DC200DFA05}
	EndProjectSection
EndProject
Project("{8BC9CEB8-8B4A-11D0-8D11-00A0C91BC942}") = "接入服务器", "服务器组件\接入服务器\AccessServer.vcxproj", "{5045510A-B2A7-4CAC-8087-0B725B0F61E5}"
	ProjectSection(ProjectDependencies) = postProject
		{B1320037-89DD-4F99-A628-69DC200DFA05} = {B1320037-89DD-4F99-A628-69DC200DFA05}
	EndProjectSection
EndProject
Project("{8BC9CEB8-8B4A-11D0-8D11-00A0C91BC942}") = "日志服务器", "服务器组件\日志服务器\LogServer.vcxproj", "{D78B795C-1733-4948-ACDF-F23C77BAD79D}"
	ProjectSection(ProjectDependencies) = postProject
		{B1320037-89DD-4F99-A628-69DC200DFA05} = {B1320037-89DD-4F99-A628-69DC200DFA05}
	EndProjectSection
EndProject
Project("{8BC9CEB8-8B4A-11D0-8D11-00A0C91BC942}") = "约战服务", "服务器组件\约战服务\PersonalRoomServer.vcxproj", "{5A239631-3054-4AFD-9788-AAC792B43491}"
	ProjectSection(ProjectDependencies) = postProject
		{B1320037-89DD-4F99-A628-69DC200DFA05} = {B1320037-89DD-4F99-A628-69DC200DFA05}
	EndProjectSection
EndProject
Project("{8BC9CEB8-8B4A-11D0-8D11-00A0C91BC942}") = "约战服务器", "服务器组件\约战服务器\PersonalRoomCorrespond.vcxproj", "{ECEFD512-1335-4597-8326-4BBEFFC429DA}"
	ProjectSection(ProjectDependencies) = postProject
		{B1320037-89DD-4F99-A628-69DC200DFA05} = {B1320037-89DD-4F99-A628-69DC200DFA05}
	EndProjectSection
EndProject
Project("{8BC9CEB8-8B4A-11D0-8D11-00A0C91BC942}") = "共享库存服务", "服务器组件\共享库存服务\ShareStorageService.vcxproj", "{1DA6CD23-9AFD-426B-B9CC-65AC90E977AA}"
	ProjectSection(ProjectDependencies) = postProject
		{B1320037-89DD-4F99-A628-69DC200DFA05} = {B1320037-89DD-4F99-A628-69DC200DFA05}
		{07F0CF5A-4D5D-4DBB-A723-4DF612C3AB33} = {07F0CF5A-4D5D-4DBB-A723-4DF612C3AB33}
	EndProjectSection
EndProject
Project("{8BC9CEB8-8B4A-11D0-8D11-00A0C91BC942}") = "大联盟机器人", "服务器组件\大联盟机器人\AndroidDitribute.vcxproj", "{EA1214A9-98A7-4951-9402-FCC51AED5F70}"
EndProject
Project("{8BC9CEB8-8B4A-11D0-8D11-00A0C91BC942}") = "内核引擎", "服务器组件\内核引擎\KernelEngine.vcxproj", "{D2DCD2DF-F137-4E5E-90CE-6DB4553C1DA9}"
EndProject
Global
	GlobalSection(SolutionConfigurationPlatforms) = preSolution
		Debug_Unicode|Any CPU = Debug_Unicode|Any CPU
		Debug_Unicode|Win32 = Debug_Unicode|Win32
		Debug|Any CPU = Debug|Any CPU
		Debug|Win32 = Debug|Win32
		DebugVD|Any CPU = DebugVD|Any CPU
		DebugVD|Win32 = DebugVD|Win32
		Release_Manager|Any CPU = Release_Manager|Any CPU
		Release_Manager|Win32 = Release_Manager|Win32
		Release_Unicode|Any CPU = Release_Unicode|Any CPU
		Release_Unicode|Win32 = Release_Unicode|Win32
		Release|Any CPU = Release|Any CPU
		Release|Win32 = Release|Win32
		ReleaseVD|Any CPU = ReleaseVD|Any CPU
		ReleaseVD|Win32 = ReleaseVD|Win32
	EndGlobalSection
	GlobalSection(ProjectConfigurationPlatforms) = postSolution
		{B1320037-89DD-4F99-A628-69DC200DFA05}.Debug_Unicode|Any CPU.ActiveCfg = Debug_Unicode|Win32
		{B1320037-89DD-4F99-A628-69DC200DFA05}.Debug_Unicode|Win32.ActiveCfg = Debug_Unicode|Win32
		{B1320037-89DD-4F99-A628-69DC200DFA05}.Debug_Unicode|Win32.Build.0 = Debug_Unicode|Win32
		{B1320037-89DD-4F99-A628-69DC200DFA05}.Debug|Any CPU.ActiveCfg = Debug|Win32
		{B1320037-89DD-4F99-A628-69DC200DFA05}.Debug|Win32.ActiveCfg = Debug|Win32
		{B1320037-89DD-4F99-A628-69DC200DFA05}.Debug|Win32.Build.0 = Debug|Win32
		{B1320037-89DD-4F99-A628-69DC200DFA05}.DebugVD|Any CPU.ActiveCfg = Release_Unicode|Win32
		{B1320037-89DD-4F99-A628-69DC200DFA05}.DebugVD|Any CPU.Build.0 = Release_Unicode|Win32
		{B1320037-89DD-4F99-A628-69DC200DFA05}.DebugVD|Win32.ActiveCfg = Debug|Win32
		{B1320037-89DD-4F99-A628-69DC200DFA05}.DebugVD|Win32.Build.0 = Debug|Win32
		{B1320037-89DD-4F99-A628-69DC200DFA05}.Release_Manager|Any CPU.ActiveCfg = Release|Win32
		{B1320037-89DD-4F99-A628-69DC200DFA05}.Release_Manager|Any CPU.Build.0 = Release|Win32
		{B1320037-89DD-4F99-A628-69DC200DFA05}.Release_Manager|Win32.ActiveCfg = Release_Unicode|Win32
		{B1320037-89DD-4F99-A628-69DC200DFA05}.Release_Manager|Win32.Build.0 = Release_Unicode|Win32
		{B1320037-89DD-4F99-A628-69DC200DFA05}.Release_Unicode|Any CPU.ActiveCfg = Release_Unicode|Win32
		{B1320037-89DD-4F99-A628-69DC200DFA05}.Release_Unicode|Win32.ActiveCfg = Release_Unicode|Win32
		{B1320037-89DD-4F99-A628-69DC200DFA05}.Release_Unicode|Win32.Build.0 = Release_Unicode|Win32
		{B1320037-89DD-4F99-A628-69DC200DFA05}.Release|Any CPU.ActiveCfg = Release|Win32
		{B1320037-89DD-4F99-A628-69DC200DFA05}.Release|Win32.ActiveCfg = Release|Win32
		{B1320037-89DD-4F99-A628-69DC200DFA05}.Release|Win32.Build.0 = Release|Win32
		{B1320037-89DD-4F99-A628-69DC200DFA05}.ReleaseVD|Any CPU.ActiveCfg = Release_Unicode|Win32
		{B1320037-89DD-4F99-A628-69DC200DFA05}.ReleaseVD|Any CPU.Build.0 = Release_Unicode|Win32
		{B1320037-89DD-4F99-A628-69DC200DFA05}.ReleaseVD|Win32.ActiveCfg = Release_Unicode|Win32
		{B1320037-89DD-4F99-A628-69DC200DFA05}.ReleaseVD|Win32.Build.0 = Release_Unicode|Win32
		{0167D883-34DA-47FC-A903-6BE341FD8DC5}.Debug_Unicode|Any CPU.ActiveCfg = Debug_Unicode|Win32
		{0167D883-34DA-47FC-A903-6BE341FD8DC5}.Debug_Unicode|Win32.ActiveCfg = Debug_Unicode|Win32
		{0167D883-34DA-47FC-A903-6BE341FD8DC5}.Debug_Unicode|Win32.Build.0 = Debug_Unicode|Win32
		{0167D883-34DA-47FC-A903-6BE341FD8DC5}.Debug|Any CPU.ActiveCfg = Debug|Win32
		{0167D883-34DA-47FC-A903-6BE341FD8DC5}.Debug|Win32.ActiveCfg = Debug|Win32
		{0167D883-34DA-47FC-A903-6BE341FD8DC5}.Debug|Win32.Build.0 = Debug|Win32
		{0167D883-34DA-47FC-A903-6BE341FD8DC5}.DebugVD|Any CPU.ActiveCfg = Release_Unicode|Win32
		{0167D883-34DA-47FC-A903-6BE341FD8DC5}.DebugVD|Any CPU.Build.0 = Release_Unicode|Win32
		{0167D883-34DA-47FC-A903-6BE341FD8DC5}.DebugVD|Win32.ActiveCfg = Debug|Win32
		{0167D883-34DA-47FC-A903-6BE341FD8DC5}.DebugVD|Win32.Build.0 = Debug|Win32
		{0167D883-34DA-47FC-A903-6BE341FD8DC5}.Release_Manager|Any CPU.ActiveCfg = Release|Win32
		{0167D883-34DA-47FC-A903-6BE341FD8DC5}.Release_Manager|Any CPU.Build.0 = Release|Win32
		{0167D883-34DA-47FC-A903-6BE341FD8DC5}.Release_Manager|Win32.ActiveCfg = Release_Unicode|Win32
		{0167D883-34DA-47FC-A903-6BE341FD8DC5}.Release_Manager|Win32.Build.0 = Release_Unicode|Win32
		{0167D883-34DA-47FC-A903-6BE341FD8DC5}.Release_Unicode|Any CPU.ActiveCfg = Release_Unicode|Win32
		{0167D883-34DA-47FC-A903-6BE341FD8DC5}.Release_Unicode|Win32.ActiveCfg = Release_Unicode|Win32
		{0167D883-34DA-47FC-A903-6BE341FD8DC5}.Release_Unicode|Win32.Build.0 = Release_Unicode|Win32
		{0167D883-34DA-47FC-A903-6BE341FD8DC5}.Release|Any CPU.ActiveCfg = Release|Win32
		{0167D883-34DA-47FC-A903-6BE341FD8DC5}.Release|Win32.ActiveCfg = Release|Win32
		{0167D883-34DA-47FC-A903-6BE341FD8DC5}.Release|Win32.Build.0 = Release|Win32
		{0167D883-34DA-47FC-A903-6BE341FD8DC5}.ReleaseVD|Any CPU.ActiveCfg = Release_Unicode|Win32
		{0167D883-34DA-47FC-A903-6BE341FD8DC5}.ReleaseVD|Any CPU.Build.0 = Release_Unicode|Win32
		{0167D883-34DA-47FC-A903-6BE341FD8DC5}.ReleaseVD|Win32.ActiveCfg = Release_Unicode|Win32
		{0167D883-34DA-47FC-A903-6BE341FD8DC5}.ReleaseVD|Win32.Build.0 = Release_Unicode|Win32
		{CD826B8C-89BD-44AF-A1DE-0A91494CD763}.Debug_Unicode|Any CPU.ActiveCfg = Debug_Unicode|Win32
		{CD826B8C-89BD-44AF-A1DE-0A91494CD763}.Debug_Unicode|Win32.ActiveCfg = Debug_Unicode|Win32
		{CD826B8C-89BD-44AF-A1DE-0A91494CD763}.Debug_Unicode|Win32.Build.0 = Debug_Unicode|Win32
		{CD826B8C-89BD-44AF-A1DE-0A91494CD763}.Debug|Any CPU.ActiveCfg = Debug|Win32
		{CD826B8C-89BD-44AF-A1DE-0A91494CD763}.Debug|Win32.ActiveCfg = Debug|Win32
		{CD826B8C-89BD-44AF-A1DE-0A91494CD763}.Debug|Win32.Build.0 = Debug|Win32
		{CD826B8C-89BD-44AF-A1DE-0A91494CD763}.DebugVD|Any CPU.ActiveCfg = Release_Unicode|Win32
		{CD826B8C-89BD-44AF-A1DE-0A91494CD763}.DebugVD|Any CPU.Build.0 = Release_Unicode|Win32
		{CD826B8C-89BD-44AF-A1DE-0A91494CD763}.DebugVD|Win32.ActiveCfg = Debug|Win32
		{CD826B8C-89BD-44AF-A1DE-0A91494CD763}.DebugVD|Win32.Build.0 = Debug|Win32
		{CD826B8C-89BD-44AF-A1DE-0A91494CD763}.Release_Manager|Any CPU.ActiveCfg = Release|Win32
		{CD826B8C-89BD-44AF-A1DE-0A91494CD763}.Release_Manager|Any CPU.Build.0 = Release|Win32
		{CD826B8C-89BD-44AF-A1DE-0A91494CD763}.Release_Manager|Win32.ActiveCfg = Release_Unicode|Win32
		{CD826B8C-89BD-44AF-A1DE-0A91494CD763}.Release_Manager|Win32.Build.0 = Release_Unicode|Win32
		{CD826B8C-89BD-44AF-A1DE-0A91494CD763}.Release_Unicode|Any CPU.ActiveCfg = Release_Unicode|Win32
		{CD826B8C-89BD-44AF-A1DE-0A91494CD763}.Release_Unicode|Win32.ActiveCfg = Release_Unicode|Win32
		{CD826B8C-89BD-44AF-A1DE-0A91494CD763}.Release_Unicode|Win32.Build.0 = Release_Unicode|Win32
		{CD826B8C-89BD-44AF-A1DE-0A91494CD763}.Release|Any CPU.ActiveCfg = Release|Win32
		{CD826B8C-89BD-44AF-A1DE-0A91494CD763}.Release|Win32.ActiveCfg = Release|Win32
		{CD826B8C-89BD-44AF-A1DE-0A91494CD763}.Release|Win32.Build.0 = Release|Win32
		{CD826B8C-89BD-44AF-A1DE-0A91494CD763}.ReleaseVD|Any CPU.ActiveCfg = Release_Unicode|Win32
		{CD826B8C-89BD-44AF-A1DE-0A91494CD763}.ReleaseVD|Any CPU.Build.0 = Release_Unicode|Win32
		{CD826B8C-89BD-44AF-A1DE-0A91494CD763}.ReleaseVD|Win32.ActiveCfg = Release_Unicode|Win32
		{CD826B8C-89BD-44AF-A1DE-0A91494CD763}.ReleaseVD|Win32.Build.0 = Release_Unicode|Win32
		{ED28DEC3-BBC7-43FA-998B-11DCFAA69CEF}.Debug_Unicode|Any CPU.ActiveCfg = Debug_Unicode|Win32
		{ED28DEC3-BBC7-43FA-998B-11DCFAA69CEF}.Debug_Unicode|Win32.ActiveCfg = Debug_Unicode|Win32
		{ED28DEC3-BBC7-43FA-998B-11DCFAA69CEF}.Debug_Unicode|Win32.Build.0 = Debug_Unicode|Win32
		{ED28DEC3-BBC7-43FA-998B-11DCFAA69CEF}.Debug|Any CPU.ActiveCfg = Debug|Win32
		{ED28DEC3-BBC7-43FA-998B-11DCFAA69CEF}.Debug|Win32.ActiveCfg = Debug|Win32
		{ED28DEC3-BBC7-43FA-998B-11DCFAA69CEF}.Debug|Win32.Build.0 = Debug|Win32
		{ED28DEC3-BBC7-43FA-998B-11DCFAA69CEF}.DebugVD|Any CPU.ActiveCfg = Release_Unicode|Win32
		{ED28DEC3-BBC7-43FA-998B-11DCFAA69CEF}.DebugVD|Any CPU.Build.0 = Release_Unicode|Win32
		{ED28DEC3-BBC7-43FA-998B-11DCFAA69CEF}.DebugVD|Win32.ActiveCfg = Debug|Win32
		{ED28DEC3-BBC7-43FA-998B-11DCFAA69CEF}.DebugVD|Win32.Build.0 = Debug|Win32
		{ED28DEC3-BBC7-43FA-998B-11DCFAA69CEF}.Release_Manager|Any CPU.ActiveCfg = Release|Win32
		{ED28DEC3-BBC7-43FA-998B-11DCFAA69CEF}.Release_Manager|Any CPU.Build.0 = Release|Win32
		{ED28DEC3-BBC7-43FA-998B-11DCFAA69CEF}.Release_Manager|Win32.ActiveCfg = Release_Unicode|Win32
		{ED28DEC3-BBC7-43FA-998B-11DCFAA69CEF}.Release_Manager|Win32.Build.0 = Release_Unicode|Win32
		{ED28DEC3-BBC7-43FA-998B-11DCFAA69CEF}.Release_Unicode|Any CPU.ActiveCfg = Release_Unicode|Win32
		{ED28DEC3-BBC7-43FA-998B-11DCFAA69CEF}.Release_Unicode|Win32.ActiveCfg = Release_Unicode|Win32
		{ED28DEC3-BBC7-43FA-998B-11DCFAA69CEF}.Release_Unicode|Win32.Build.0 = Release_Unicode|Win32
		{ED28DEC3-BBC7-43FA-998B-11DCFAA69CEF}.Release|Any CPU.ActiveCfg = Release|Win32
		{ED28DEC3-BBC7-43FA-998B-11DCFAA69CEF}.Release|Win32.ActiveCfg = Release|Win32
		{ED28DEC3-BBC7-43FA-998B-11DCFAA69CEF}.Release|Win32.Build.0 = Release|Win32
		{ED28DEC3-BBC7-43FA-998B-11DCFAA69CEF}.ReleaseVD|Any CPU.ActiveCfg = Release_Unicode|Win32
		{ED28DEC3-BBC7-43FA-998B-11DCFAA69CEF}.ReleaseVD|Any CPU.Build.0 = Release_Unicode|Win32
		{ED28DEC3-BBC7-43FA-998B-11DCFAA69CEF}.ReleaseVD|Win32.ActiveCfg = Release_Unicode|Win32
		{ED28DEC3-BBC7-43FA-998B-11DCFAA69CEF}.ReleaseVD|Win32.Build.0 = Release_Unicode|Win32
		{07F0CF5A-4D5D-4DBB-A723-4DF612C3AB33}.Debug_Unicode|Any CPU.ActiveCfg = Debug_Unicode|Win32
		{07F0CF5A-4D5D-4DBB-A723-4DF612C3AB33}.Debug_Unicode|Win32.ActiveCfg = Debug_Unicode|Win32
		{07F0CF5A-4D5D-4DBB-A723-4DF612C3AB33}.Debug_Unicode|Win32.Build.0 = Debug_Unicode|Win32
		{07F0CF5A-4D5D-4DBB-A723-4DF612C3AB33}.Debug|Any CPU.ActiveCfg = Debug|Win32
		{07F0CF5A-4D5D-4DBB-A723-4DF612C3AB33}.Debug|Win32.ActiveCfg = Debug|Win32
		{07F0CF5A-4D5D-4DBB-A723-4DF612C3AB33}.Debug|Win32.Build.0 = Debug|Win32
		{07F0CF5A-4D5D-4DBB-A723-4DF612C3AB33}.DebugVD|Any CPU.ActiveCfg = Release_Unicode|Win32
		{07F0CF5A-4D5D-4DBB-A723-4DF612C3AB33}.DebugVD|Any CPU.Build.0 = Release_Unicode|Win32
		{07F0CF5A-4D5D-4DBB-A723-4DF612C3AB33}.DebugVD|Win32.ActiveCfg = Debug|Win32
		{07F0CF5A-4D5D-4DBB-A723-4DF612C3AB33}.DebugVD|Win32.Build.0 = Debug|Win32
		{07F0CF5A-4D5D-4DBB-A723-4DF612C3AB33}.Release_Manager|Any CPU.ActiveCfg = Release|Win32
		{07F0CF5A-4D5D-4DBB-A723-4DF612C3AB33}.Release_Manager|Any CPU.Build.0 = Release|Win32
		{07F0CF5A-4D5D-4DBB-A723-4DF612C3AB33}.Release_Manager|Win32.ActiveCfg = Release_Unicode|Win32
		{07F0CF5A-4D5D-4DBB-A723-4DF612C3AB33}.Release_Manager|Win32.Build.0 = Release_Unicode|Win32
		{07F0CF5A-4D5D-4DBB-A723-4DF612C3AB33}.Release_Unicode|Any CPU.ActiveCfg = Release_Unicode|Win32
		{07F0CF5A-4D5D-4DBB-A723-4DF612C3AB33}.Release_Unicode|Win32.ActiveCfg = Release_Unicode|Win32
		{07F0CF5A-4D5D-4DBB-A723-4DF612C3AB33}.Release_Unicode|Win32.Build.0 = Release_Unicode|Win32
		{07F0CF5A-4D5D-4DBB-A723-4DF612C3AB33}.Release|Any CPU.ActiveCfg = Release|Win32
		{07F0CF5A-4D5D-4DBB-A723-4DF612C3AB33}.Release|Win32.ActiveCfg = Release|Win32
		{07F0CF5A-4D5D-4DBB-A723-4DF612C3AB33}.Release|Win32.Build.0 = Release|Win32
		{07F0CF5A-4D5D-4DBB-A723-4DF612C3AB33}.ReleaseVD|Any CPU.ActiveCfg = Release_Unicode|Win32
		{07F0CF5A-4D5D-4DBB-A723-4DF612C3AB33}.ReleaseVD|Any CPU.Build.0 = Release_Unicode|Win32
		{07F0CF5A-4D5D-4DBB-A723-4DF612C3AB33}.ReleaseVD|Win32.ActiveCfg = Release_Unicode|Win32
		{07F0CF5A-4D5D-4DBB-A723-4DF612C3AB33}.ReleaseVD|Win32.Build.0 = Release_Unicode|Win32
		{267C213B-3F02-4627-8734-E361A61C83F9}.Debug_Unicode|Any CPU.ActiveCfg = Debug_Unicode|Win32
		{267C213B-3F02-4627-8734-E361A61C83F9}.Debug_Unicode|Win32.ActiveCfg = Debug_Unicode|Win32
		{267C213B-3F02-4627-8734-E361A61C83F9}.Debug_Unicode|Win32.Build.0 = Debug_Unicode|Win32
		{267C213B-3F02-4627-8734-E361A61C83F9}.Debug|Any CPU.ActiveCfg = Debug|Win32
		{267C213B-3F02-4627-8734-E361A61C83F9}.Debug|Win32.ActiveCfg = Debug|Win32
		{267C213B-3F02-4627-8734-E361A61C83F9}.Debug|Win32.Build.0 = Debug|Win32
		{267C213B-3F02-4627-8734-E361A61C83F9}.DebugVD|Any CPU.ActiveCfg = Release_Unicode|Win32
		{267C213B-3F02-4627-8734-E361A61C83F9}.DebugVD|Any CPU.Build.0 = Release_Unicode|Win32
		{267C213B-3F02-4627-8734-E361A61C83F9}.DebugVD|Win32.ActiveCfg = Debug|Win32
		{267C213B-3F02-4627-8734-E361A61C83F9}.DebugVD|Win32.Build.0 = Debug|Win32
		{267C213B-3F02-4627-8734-E361A61C83F9}.Release_Manager|Any CPU.ActiveCfg = Release|Win32
		{267C213B-3F02-4627-8734-E361A61C83F9}.Release_Manager|Any CPU.Build.0 = Release|Win32
		{267C213B-3F02-4627-8734-E361A61C83F9}.Release_Manager|Win32.ActiveCfg = Release_Unicode|Win32
		{267C213B-3F02-4627-8734-E361A61C83F9}.Release_Manager|Win32.Build.0 = Release_Unicode|Win32
		{267C213B-3F02-4627-8734-E361A61C83F9}.Release_Unicode|Any CPU.ActiveCfg = Release_Unicode|Win32
		{267C213B-3F02-4627-8734-E361A61C83F9}.Release_Unicode|Win32.ActiveCfg = Release_Unicode|Win32
		{267C213B-3F02-4627-8734-E361A61C83F9}.Release_Unicode|Win32.Build.0 = Release_Unicode|Win32
		{267C213B-3F02-4627-8734-E361A61C83F9}.Release|Any CPU.ActiveCfg = Release|Win32
		{267C213B-3F02-4627-8734-E361A61C83F9}.Release|Win32.ActiveCfg = Release|Win32
		{267C213B-3F02-4627-8734-E361A61C83F9}.Release|Win32.Build.0 = Release|Win32
		{267C213B-3F02-4627-8734-E361A61C83F9}.ReleaseVD|Any CPU.ActiveCfg = Release_Unicode|Win32
		{267C213B-3F02-4627-8734-E361A61C83F9}.ReleaseVD|Any CPU.Build.0 = Release_Unicode|Win32
		{267C213B-3F02-4627-8734-E361A61C83F9}.ReleaseVD|Win32.ActiveCfg = Release_Unicode|Win32
		{267C213B-3F02-4627-8734-E361A61C83F9}.ReleaseVD|Win32.Build.0 = Release_Unicode|Win32
		{CA071FF5-97BF-42C3-99AF-FE8F8A0F0AF2}.Debug_Unicode|Any CPU.ActiveCfg = Debug_Unicode|Win32
		{CA071FF5-97BF-42C3-99AF-FE8F8A0F0AF2}.Debug_Unicode|Win32.ActiveCfg = Debug_Unicode|Win32
		{CA071FF5-97BF-42C3-99AF-FE8F8A0F0AF2}.Debug_Unicode|Win32.Build.0 = Debug_Unicode|Win32
		{CA071FF5-97BF-42C3-99AF-FE8F8A0F0AF2}.Debug|Any CPU.ActiveCfg = Debug|Win32
		{CA071FF5-97BF-42C3-99AF-FE8F8A0F0AF2}.Debug|Win32.ActiveCfg = Debug|Win32
		{CA071FF5-97BF-42C3-99AF-FE8F8A0F0AF2}.Debug|Win32.Build.0 = Debug|Win32
		{CA071FF5-97BF-42C3-99AF-FE8F8A0F0AF2}.DebugVD|Any CPU.ActiveCfg = Release_Unicode|Win32
		{CA071FF5-97BF-42C3-99AF-FE8F8A0F0AF2}.DebugVD|Any CPU.Build.0 = Release_Unicode|Win32
		{CA071FF5-97BF-42C3-99AF-FE8F8A0F0AF2}.DebugVD|Win32.ActiveCfg = Debug|Win32
		{CA071FF5-97BF-42C3-99AF-FE8F8A0F0AF2}.DebugVD|Win32.Build.0 = Debug|Win32
		{CA071FF5-97BF-42C3-99AF-FE8F8A0F0AF2}.Release_Manager|Any CPU.ActiveCfg = Release|Win32
		{CA071FF5-97BF-42C3-99AF-FE8F8A0F0AF2}.Release_Manager|Any CPU.Build.0 = Release|Win32
		{CA071FF5-97BF-42C3-99AF-FE8F8A0F0AF2}.Release_Manager|Win32.ActiveCfg = Release_Unicode|Win32
		{CA071FF5-97BF-42C3-99AF-FE8F8A0F0AF2}.Release_Manager|Win32.Build.0 = Release_Unicode|Win32
		{CA071FF5-97BF-42C3-99AF-FE8F8A0F0AF2}.Release_Unicode|Any CPU.ActiveCfg = Release_Unicode|Win32
		{CA071FF5-97BF-42C3-99AF-FE8F8A0F0AF2}.Release_Unicode|Win32.ActiveCfg = Release_Unicode|Win32
		{CA071FF5-97BF-42C3-99AF-FE8F8A0F0AF2}.Release_Unicode|Win32.Build.0 = Release_Unicode|Win32
		{CA071FF5-97BF-42C3-99AF-FE8F8A0F0AF2}.Release|Any CPU.ActiveCfg = Release|Win32
		{CA071FF5-97BF-42C3-99AF-FE8F8A0F0AF2}.Release|Win32.ActiveCfg = Release|Win32
		{CA071FF5-97BF-42C3-99AF-FE8F8A0F0AF2}.Release|Win32.Build.0 = Release|Win32
		{CA071FF5-97BF-42C3-99AF-FE8F8A0F0AF2}.ReleaseVD|Any CPU.ActiveCfg = Release_Unicode|Win32
		{CA071FF5-97BF-42C3-99AF-FE8F8A0F0AF2}.ReleaseVD|Any CPU.Build.0 = Release_Unicode|Win32
		{CA071FF5-97BF-42C3-99AF-FE8F8A0F0AF2}.ReleaseVD|Win32.ActiveCfg = Release_Unicode|Win32
		{CA071FF5-97BF-42C3-99AF-FE8F8A0F0AF2}.ReleaseVD|Win32.Build.0 = Release_Unicode|Win32
		{09ED82CF-F62F-4995-9677-20F117E10065}.Debug_Unicode|Any CPU.ActiveCfg = Debug_Unicode|Win32
		{09ED82CF-F62F-4995-9677-20F117E10065}.Debug_Unicode|Win32.ActiveCfg = Debug_Unicode|Win32
		{09ED82CF-F62F-4995-9677-20F117E10065}.Debug_Unicode|Win32.Build.0 = Debug_Unicode|Win32
		{09ED82CF-F62F-4995-9677-20F117E10065}.Debug|Any CPU.ActiveCfg = Debug|Win32
		{09ED82CF-F62F-4995-9677-20F117E10065}.Debug|Win32.ActiveCfg = Debug|Win32
		{09ED82CF-F62F-4995-9677-20F117E10065}.Debug|Win32.Build.0 = Debug|Win32
		{09ED82CF-F62F-4995-9677-20F117E10065}.DebugVD|Any CPU.ActiveCfg = Release_Unicode|Win32
		{09ED82CF-F62F-4995-9677-20F117E10065}.DebugVD|Any CPU.Build.0 = Release_Unicode|Win32
		{09ED82CF-F62F-4995-9677-20F117E10065}.DebugVD|Win32.ActiveCfg = Debug|Win32
		{09ED82CF-F62F-4995-9677-20F117E10065}.DebugVD|Win32.Build.0 = Debug|Win32
		{09ED82CF-F62F-4995-9677-20F117E10065}.Release_Manager|Any CPU.ActiveCfg = Release|Win32
		{09ED82CF-F62F-4995-9677-20F117E10065}.Release_Manager|Any CPU.Build.0 = Release|Win32
		{09ED82CF-F62F-4995-9677-20F117E10065}.Release_Manager|Win32.ActiveCfg = Release_Unicode|Win32
		{09ED82CF-F62F-4995-9677-20F117E10065}.Release_Manager|Win32.Build.0 = Release_Unicode|Win32
		{09ED82CF-F62F-4995-9677-20F117E10065}.Release_Unicode|Any CPU.ActiveCfg = Release_Unicode|Win32
		{09ED82CF-F62F-4995-9677-20F117E10065}.Release_Unicode|Win32.ActiveCfg = Release_Unicode|Win32
		{09ED82CF-F62F-4995-9677-20F117E10065}.Release_Unicode|Win32.Build.0 = Release_Unicode|Win32
		{09ED82CF-F62F-4995-9677-20F117E10065}.Release|Any CPU.ActiveCfg = Release|Win32
		{09ED82CF-F62F-4995-9677-20F117E10065}.Release|Win32.ActiveCfg = Release|Win32
		{09ED82CF-F62F-4995-9677-20F117E10065}.Release|Win32.Build.0 = Release|Win32
		{09ED82CF-F62F-4995-9677-20F117E10065}.ReleaseVD|Any CPU.ActiveCfg = Release_Unicode|Win32
		{09ED82CF-F62F-4995-9677-20F117E10065}.ReleaseVD|Any CPU.Build.0 = Release_Unicode|Win32
		{09ED82CF-F62F-4995-9677-20F117E10065}.ReleaseVD|Win32.ActiveCfg = Release_Unicode|Win32
		{09ED82CF-F62F-4995-9677-20F117E10065}.ReleaseVD|Win32.Build.0 = Release_Unicode|Win32
		{5045510A-B2A7-4CAC-8087-0B725B0F61E5}.Debug_Unicode|Any CPU.ActiveCfg = Debug_Unicode|Win32
		{5045510A-B2A7-4CAC-8087-0B725B0F61E5}.Debug_Unicode|Win32.ActiveCfg = Debug_Unicode|Win32
		{5045510A-B2A7-4CAC-8087-0B725B0F61E5}.Debug_Unicode|Win32.Build.0 = Debug_Unicode|Win32
		{5045510A-B2A7-4CAC-8087-0B725B0F61E5}.Debug|Any CPU.ActiveCfg = Debug|Win32
		{5045510A-B2A7-4CAC-8087-0B725B0F61E5}.Debug|Win32.ActiveCfg = Debug|Win32
		{5045510A-B2A7-4CAC-8087-0B725B0F61E5}.Debug|Win32.Build.0 = Debug|Win32
		{5045510A-B2A7-4CAC-8087-0B725B0F61E5}.DebugVD|Any CPU.ActiveCfg = Release_Unicode|Win32
		{5045510A-B2A7-4CAC-8087-0B725B0F61E5}.DebugVD|Any CPU.Build.0 = Release_Unicode|Win32
		{5045510A-B2A7-4CAC-8087-0B725B0F61E5}.DebugVD|Win32.ActiveCfg = Debug|Win32
		{5045510A-B2A7-4CAC-8087-0B725B0F61E5}.DebugVD|Win32.Build.0 = Debug|Win32
		{5045510A-B2A7-4CAC-8087-0B725B0F61E5}.Release_Manager|Any CPU.ActiveCfg = Release|Win32
		{5045510A-B2A7-4CAC-8087-0B725B0F61E5}.Release_Manager|Any CPU.Build.0 = Release|Win32
		{5045510A-B2A7-4CAC-8087-0B725B0F61E5}.Release_Manager|Win32.ActiveCfg = Release_Unicode|Win32
		{5045510A-B2A7-4CAC-8087-0B725B0F61E5}.Release_Manager|Win32.Build.0 = Release_Unicode|Win32
		{5045510A-B2A7-4CAC-8087-0B725B0F61E5}.Release_Unicode|Any CPU.ActiveCfg = Release_Unicode|Win32
		{5045510A-B2A7-4CAC-8087-0B725B0F61E5}.Release_Unicode|Win32.ActiveCfg = Release_Unicode|Win32
		{5045510A-B2A7-4CAC-8087-0B725B0F61E5}.Release_Unicode|Win32.Build.0 = Release_Unicode|Win32
		{5045510A-B2A7-4CAC-8087-0B725B0F61E5}.Release|Any CPU.ActiveCfg = Release|Win32
		{5045510A-B2A7-4CAC-8087-0B725B0F61E5}.Release|Win32.ActiveCfg = Release|Win32
		{5045510A-B2A7-4CAC-8087-0B725B0F61E5}.Release|Win32.Build.0 = Release|Win32
		{5045510A-B2A7-4CAC-8087-0B725B0F61E5}.ReleaseVD|Any CPU.ActiveCfg = Release_Unicode|Win32
		{5045510A-B2A7-4CAC-8087-0B725B0F61E5}.ReleaseVD|Any CPU.Build.0 = Release_Unicode|Win32
		{5045510A-B2A7-4CAC-8087-0B725B0F61E5}.ReleaseVD|Win32.ActiveCfg = Release_Unicode|Win32
		{5045510A-B2A7-4CAC-8087-0B725B0F61E5}.ReleaseVD|Win32.Build.0 = Release_Unicode|Win32
		{D78B795C-1733-4948-ACDF-F23C77BAD79D}.Debug_Unicode|Any CPU.ActiveCfg = Debug_Unicode|Win32
		{D78B795C-1733-4948-ACDF-F23C77BAD79D}.Debug_Unicode|Win32.ActiveCfg = Debug_Unicode|Win32
		{D78B795C-1733-4948-ACDF-F23C77BAD79D}.Debug_Unicode|Win32.Build.0 = Debug_Unicode|Win32
		{D78B795C-1733-4948-ACDF-F23C77BAD79D}.Debug|Any CPU.ActiveCfg = Debug|Win32
		{D78B795C-1733-4948-ACDF-F23C77BAD79D}.Debug|Win32.ActiveCfg = Debug|Win32
		{D78B795C-1733-4948-ACDF-F23C77BAD79D}.Debug|Win32.Build.0 = Debug|Win32
		{D78B795C-1733-4948-ACDF-F23C77BAD79D}.DebugVD|Any CPU.ActiveCfg = Release_Unicode|Win32
		{D78B795C-1733-4948-ACDF-F23C77BAD79D}.DebugVD|Any CPU.Build.0 = Release_Unicode|Win32
		{D78B795C-1733-4948-ACDF-F23C77BAD79D}.DebugVD|Win32.ActiveCfg = Debug|Win32
		{D78B795C-1733-4948-ACDF-F23C77BAD79D}.DebugVD|Win32.Build.0 = Debug|Win32
		{D78B795C-1733-4948-ACDF-F23C77BAD79D}.Release_Manager|Any CPU.ActiveCfg = Release|Win32
		{D78B795C-1733-4948-ACDF-F23C77BAD79D}.Release_Manager|Any CPU.Build.0 = Release|Win32
		{D78B795C-1733-4948-ACDF-F23C77BAD79D}.Release_Manager|Win32.ActiveCfg = Release_Unicode|Win32
		{D78B795C-1733-4948-ACDF-F23C77BAD79D}.Release_Manager|Win32.Build.0 = Release_Unicode|Win32
		{D78B795C-1733-4948-ACDF-F23C77BAD79D}.Release_Unicode|Any CPU.ActiveCfg = Release_Unicode|Win32
		{D78B795C-1733-4948-ACDF-F23C77BAD79D}.Release_Unicode|Win32.ActiveCfg = Release_Unicode|Win32
		{D78B795C-1733-4948-ACDF-F23C77BAD79D}.Release_Unicode|Win32.Build.0 = Release_Unicode|Win32
		{D78B795C-1733-4948-ACDF-F23C77BAD79D}.Release|Any CPU.ActiveCfg = Release|Win32
		{D78B795C-1733-4948-ACDF-F23C77BAD79D}.Release|Win32.ActiveCfg = Release|Win32
		{D78B795C-1733-4948-ACDF-F23C77BAD79D}.Release|Win32.Build.0 = Release|Win32
		{D78B795C-1733-4948-ACDF-F23C77BAD79D}.ReleaseVD|Any CPU.ActiveCfg = Release_Unicode|Win32
		{D78B795C-1733-4948-ACDF-F23C77BAD79D}.ReleaseVD|Any CPU.Build.0 = Release_Unicode|Win32
		{D78B795C-1733-4948-ACDF-F23C77BAD79D}.ReleaseVD|Win32.ActiveCfg = Release_Unicode|Win32
		{D78B795C-1733-4948-ACDF-F23C77BAD79D}.ReleaseVD|Win32.Build.0 = Release_Unicode|Win32
		{5A239631-3054-4AFD-9788-AAC792B43491}.Debug_Unicode|Any CPU.ActiveCfg = Debug_Unicode|Win32
		{5A239631-3054-4AFD-9788-AAC792B43491}.Debug_Unicode|Win32.ActiveCfg = Debug_Unicode|Win32
		{5A239631-3054-4AFD-9788-AAC792B43491}.Debug_Unicode|Win32.Build.0 = Debug_Unicode|Win32
		{5A239631-3054-4AFD-9788-AAC792B43491}.Debug|Any CPU.ActiveCfg = Debug|Win32
		{5A239631-3054-4AFD-9788-AAC792B43491}.Debug|Win32.ActiveCfg = Debug|Win32
		{5A239631-3054-4AFD-9788-AAC792B43491}.Debug|Win32.Build.0 = Debug|Win32
		{5A239631-3054-4AFD-9788-AAC792B43491}.DebugVD|Any CPU.ActiveCfg = Release_Unicode|Win32
		{5A239631-3054-4AFD-9788-AAC792B43491}.DebugVD|Any CPU.Build.0 = Release_Unicode|Win32
		{5A239631-3054-4AFD-9788-AAC792B43491}.DebugVD|Win32.ActiveCfg = Debug|Win32
		{5A239631-3054-4AFD-9788-AAC792B43491}.DebugVD|Win32.Build.0 = Debug|Win32
		{5A239631-3054-4AFD-9788-AAC792B43491}.Release_Manager|Any CPU.ActiveCfg = Release|Win32
		{5A239631-3054-4AFD-9788-AAC792B43491}.Release_Manager|Any CPU.Build.0 = Release|Win32
		{5A239631-3054-4AFD-9788-AAC792B43491}.Release_Manager|Win32.ActiveCfg = Release_Unicode|Win32
		{5A239631-3054-4AFD-9788-AAC792B43491}.Release_Manager|Win32.Build.0 = Release_Unicode|Win32
		{5A239631-3054-4AFD-9788-AAC792B43491}.Release_Unicode|Any CPU.ActiveCfg = Release_Unicode|Win32
		{5A239631-3054-4AFD-9788-AAC792B43491}.Release_Unicode|Win32.ActiveCfg = Release_Unicode|Win32
		{5A239631-3054-4AFD-9788-AAC792B43491}.Release_Unicode|Win32.Build.0 = Release_Unicode|Win32
		{5A239631-3054-4AFD-9788-AAC792B43491}.Release|Any CPU.ActiveCfg = Release|Win32
		{5A239631-3054-4AFD-9788-AAC792B43491}.Release|Win32.ActiveCfg = Release|Win32
		{5A239631-3054-4AFD-9788-AAC792B43491}.Release|Win32.Build.0 = Release|Win32
		{5A239631-3054-4AFD-9788-AAC792B43491}.ReleaseVD|Any CPU.ActiveCfg = Release_Unicode|Win32
		{5A239631-3054-4AFD-9788-AAC792B43491}.ReleaseVD|Any CPU.Build.0 = Release_Unicode|Win32
		{5A239631-3054-4AFD-9788-AAC792B43491}.ReleaseVD|Win32.ActiveCfg = Release_Unicode|Win32
		{5A239631-3054-4AFD-9788-AAC792B43491}.ReleaseVD|Win32.Build.0 = Release_Unicode|Win32
		{ECEFD512-1335-4597-8326-4BBEFFC429DA}.Debug_Unicode|Any CPU.ActiveCfg = Debug_Unicode|Win32
		{ECEFD512-1335-4597-8326-4BBEFFC429DA}.Debug_Unicode|Win32.ActiveCfg = Debug_Unicode|Win32
		{ECEFD512-1335-4597-8326-4BBEFFC429DA}.Debug_Unicode|Win32.Build.0 = Debug_Unicode|Win32
		{ECEFD512-1335-4597-8326-4BBEFFC429DA}.Debug|Any CPU.ActiveCfg = Debug|Win32
		{ECEFD512-1335-4597-8326-4BBEFFC429DA}.Debug|Win32.ActiveCfg = Debug|Win32
		{ECEFD512-1335-4597-8326-4BBEFFC429DA}.Debug|Win32.Build.0 = Debug|Win32
		{ECEFD512-1335-4597-8326-4BBEFFC429DA}.DebugVD|Any CPU.ActiveCfg = Release_Unicode|Win32
		{ECEFD512-1335-4597-8326-4BBEFFC429DA}.DebugVD|Any CPU.Build.0 = Release_Unicode|Win32
		{ECEFD512-1335-4597-8326-4BBEFFC429DA}.DebugVD|Win32.ActiveCfg = Debug|Win32
		{ECEFD512-1335-4597-8326-4BBEFFC429DA}.DebugVD|Win32.Build.0 = Debug|Win32
		{ECEFD512-1335-4597-8326-4BBEFFC429DA}.Release_Manager|Any CPU.ActiveCfg = Release|Win32
		{ECEFD512-1335-4597-8326-4BBEFFC429DA}.Release_Manager|Any CPU.Build.0 = Release|Win32
		{ECEFD512-1335-4597-8326-4BBEFFC429DA}.Release_Manager|Win32.ActiveCfg = Release_Unicode|Win32
		{ECEFD512-1335-4597-8326-4BBEFFC429DA}.Release_Manager|Win32.Build.0 = Release_Unicode|Win32
		{ECEFD512-1335-4597-8326-4BBEFFC429DA}.Release_Unicode|Any CPU.ActiveCfg = Release_Unicode|Win32
		{ECEFD512-1335-4597-8326-4BBEFFC429DA}.Release_Unicode|Win32.ActiveCfg = Release_Unicode|Win32
		{ECEFD512-1335-4597-8326-4BBEFFC429DA}.Release_Unicode|Win32.Build.0 = Release_Unicode|Win32
		{ECEFD512-1335-4597-8326-4BBEFFC429DA}.Release|Any CPU.ActiveCfg = Release|Win32
		{ECEFD512-1335-4597-8326-4BBEFFC429DA}.Release|Win32.ActiveCfg = Release|Win32
		{ECEFD512-1335-4597-8326-4BBEFFC429DA}.Release|Win32.Build.0 = Release|Win32
		{ECEFD512-1335-4597-8326-4BBEFFC429DA}.ReleaseVD|Any CPU.ActiveCfg = Release_Unicode|Win32
		{ECEFD512-1335-4597-8326-4BBEFFC429DA}.ReleaseVD|Any CPU.Build.0 = Release_Unicode|Win32
		{ECEFD512-1335-4597-8326-4BBEFFC429DA}.ReleaseVD|Win32.ActiveCfg = Release_Unicode|Win32
		{ECEFD512-1335-4597-8326-4BBEFFC429DA}.ReleaseVD|Win32.Build.0 = Release_Unicode|Win32
		{1DA6CD23-9AFD-426B-B9CC-65AC90E977AA}.Debug_Unicode|Any CPU.ActiveCfg = Debug_Unicode|Win32
		{1DA6CD23-9AFD-426B-B9CC-65AC90E977AA}.Debug_Unicode|Win32.ActiveCfg = Debug_Unicode|Win32
		{1DA6CD23-9AFD-426B-B9CC-65AC90E977AA}.Debug_Unicode|Win32.Build.0 = Debug_Unicode|Win32
		{1DA6CD23-9AFD-426B-B9CC-65AC90E977AA}.Debug|Any CPU.ActiveCfg = Release_Unicode|Win32
		{1DA6CD23-9AFD-426B-B9CC-65AC90E977AA}.Debug|Any CPU.Build.0 = Release_Unicode|Win32
		{1DA6CD23-9AFD-426B-B9CC-65AC90E977AA}.Debug|Win32.ActiveCfg = Debug_Unicode|Win32
		{1DA6CD23-9AFD-426B-B9CC-65AC90E977AA}.Debug|Win32.Build.0 = Debug_Unicode|Win32
		{1DA6CD23-9AFD-426B-B9CC-65AC90E977AA}.DebugVD|Any CPU.ActiveCfg = Release_Unicode|Win32
		{1DA6CD23-9AFD-426B-B9CC-65AC90E977AA}.DebugVD|Any CPU.Build.0 = Release_Unicode|Win32
		{1DA6CD23-9AFD-426B-B9CC-65AC90E977AA}.DebugVD|Win32.ActiveCfg = Debug_Unicode|Win32
		{1DA6CD23-9AFD-426B-B9CC-65AC90E977AA}.DebugVD|Win32.Build.0 = Debug_Unicode|Win32
		{1DA6CD23-9AFD-426B-B9CC-65AC90E977AA}.Release_Manager|Any CPU.ActiveCfg = Release_Unicode|Win32
		{1DA6CD23-9AFD-426B-B9CC-65AC90E977AA}.Release_Manager|Any CPU.Build.0 = Release_Unicode|Win32
		{1DA6CD23-9AFD-426B-B9CC-65AC90E977AA}.Release_Manager|Win32.ActiveCfg = Release_Unicode|Win32
		{1DA6CD23-9AFD-426B-B9CC-65AC90E977AA}.Release_Manager|Win32.Build.0 = Release_Unicode|Win32
		{1DA6CD23-9AFD-426B-B9CC-65AC90E977AA}.Release_Unicode|Any CPU.ActiveCfg = Release_Unicode|Win32
		{1DA6CD23-9AFD-426B-B9CC-65AC90E977AA}.Release_Unicode|Win32.ActiveCfg = Release_Unicode|Win32
		{1DA6CD23-9AFD-426B-B9CC-65AC90E977AA}.Release_Unicode|Win32.Build.0 = Release_Unicode|Win32
		{1DA6CD23-9AFD-426B-B9CC-65AC90E977AA}.Release|Any CPU.ActiveCfg = Release_Unicode|Win32
		{1DA6CD23-9AFD-426B-B9CC-65AC90E977AA}.Release|Any CPU.Build.0 = Release_Unicode|Win32
		{1DA6CD23-9AFD-426B-B9CC-65AC90E977AA}.Release|Win32.ActiveCfg = Release_Unicode|Win32
		{1DA6CD23-9AFD-426B-B9CC-65AC90E977AA}.Release|Win32.Build.0 = Release_Unicode|Win32
		{1DA6CD23-9AFD-426B-B9CC-65AC90E977AA}.ReleaseVD|Any CPU.ActiveCfg = Release_Unicode|Win32
		{1DA6CD23-9AFD-426B-B9CC-65AC90E977AA}.ReleaseVD|Any CPU.Build.0 = Release_Unicode|Win32
		{1DA6CD23-9AFD-426B-B9CC-65AC90E977AA}.ReleaseVD|Win32.ActiveCfg = Release_Unicode|Win32
		{1DA6CD23-9AFD-426B-B9CC-65AC90E977AA}.ReleaseVD|Win32.Build.0 = Release_Unicode|Win32
		{EA1214A9-98A7-4951-9402-FCC51AED5F70}.Debug_Unicode|Any CPU.ActiveCfg = Debug_Unicode|Win32
		{EA1214A9-98A7-4951-9402-FCC51AED5F70}.Debug_Unicode|Win32.ActiveCfg = Debug_Unicode|Win32
		{EA1214A9-98A7-4951-9402-FCC51AED5F70}.Debug_Unicode|Win32.Build.0 = Debug_Unicode|Win32
		{EA1214A9-98A7-4951-9402-FCC51AED5F70}.Debug|Any CPU.ActiveCfg = Debug|Win32
		{EA1214A9-98A7-4951-9402-FCC51AED5F70}.Debug|Win32.ActiveCfg = Debug|Win32
		{EA1214A9-98A7-4951-9402-FCC51AED5F70}.Debug|Win32.Build.0 = Debug|Win32
		{EA1214A9-98A7-4951-9402-FCC51AED5F70}.DebugVD|Any CPU.ActiveCfg = Release_Unicode|Win32
		{EA1214A9-98A7-4951-9402-FCC51AED5F70}.DebugVD|Any CPU.Build.0 = Release_Unicode|Win32
		{EA1214A9-98A7-4951-9402-FCC51AED5F70}.DebugVD|Win32.ActiveCfg = Debug|Win32
		{EA1214A9-98A7-4951-9402-FCC51AED5F70}.DebugVD|Win32.Build.0 = Debug|Win32
		{EA1214A9-98A7-4951-9402-FCC51AED5F70}.Release_Manager|Any CPU.ActiveCfg = Release|Win32
		{EA1214A9-98A7-4951-9402-FCC51AED5F70}.Release_Manager|Any CPU.Build.0 = Release|Win32
		{EA1214A9-98A7-4951-9402-FCC51AED5F70}.Release_Manager|Win32.ActiveCfg = Release_Unicode|Win32
		{EA1214A9-98A7-4951-9402-FCC51AED5F70}.Release_Manager|Win32.Build.0 = Release_Unicode|Win32
		{EA1214A9-98A7-4951-9402-FCC51AED5F70}.Release_Unicode|Any CPU.ActiveCfg = Release_Unicode|Win32
		{EA1214A9-98A7-4951-9402-FCC51AED5F70}.Release_Unicode|Win32.ActiveCfg = Release_Unicode|Win32
		{EA1214A9-98A7-4951-9402-FCC51AED5F70}.Release_Unicode|Win32.Build.0 = Release_Unicode|Win32
		{EA1214A9-98A7-4951-9402-FCC51AED5F70}.Release|Any CPU.ActiveCfg = Release|Win32
		{EA1214A9-98A7-4951-9402-FCC51AED5F70}.Release|Win32.ActiveCfg = Release|Win32
		{EA1214A9-98A7-4951-9402-FCC51AED5F70}.Release|Win32.Build.0 = Release|Win32
		{EA1214A9-98A7-4951-9402-FCC51AED5F70}.ReleaseVD|Any CPU.ActiveCfg = Release_Unicode|Win32
		{EA1214A9-98A7-4951-9402-FCC51AED5F70}.ReleaseVD|Any CPU.Build.0 = Release_Unicode|Win32
		{EA1214A9-98A7-4951-9402-FCC51AED5F70}.ReleaseVD|Win32.ActiveCfg = Release_Unicode|Win32
		{EA1214A9-98A7-4951-9402-FCC51AED5F70}.ReleaseVD|Win32.Build.0 = Release_Unicode|Win32
		{D2DCD2DF-F137-4E5E-90CE-6DB4553C1DA9}.Debug_Unicode|Any CPU.ActiveCfg = Debug_Unicode|Win32
		{D2DCD2DF-F137-4E5E-90CE-6DB4553C1DA9}.Debug_Unicode|Win32.ActiveCfg = Debug_Unicode|Win32
		{D2DCD2DF-F137-4E5E-90CE-6DB4553C1DA9}.Debug_Unicode|Win32.Build.0 = Debug_Unicode|Win32
		{D2DCD2DF-F137-4E5E-90CE-6DB4553C1DA9}.Debug|Any CPU.ActiveCfg = Release_Unicode|Win32
		{D2DCD2DF-F137-4E5E-90CE-6DB4553C1DA9}.Debug|Any CPU.Build.0 = Release_Unicode|Win32
		{D2DCD2DF-F137-4E5E-90CE-6DB4553C1DA9}.Debug|Win32.ActiveCfg = Debug_Unicode|Win32
		{D2DCD2DF-F137-4E5E-90CE-6DB4553C1DA9}.Debug|Win32.Build.0 = Debug_Unicode|Win32
		{D2DCD2DF-F137-4E5E-90CE-6DB4553C1DA9}.DebugVD|Any CPU.ActiveCfg = Release_Unicode|Win32
		{D2DCD2DF-F137-4E5E-90CE-6DB4553C1DA9}.DebugVD|Any CPU.Build.0 = Release_Unicode|Win32
		{D2DCD2DF-F137-4E5E-90CE-6DB4553C1DA9}.DebugVD|Win32.ActiveCfg = Debug_Unicode|Win32
		{D2DCD2DF-F137-4E5E-90CE-6DB4553C1DA9}.DebugVD|Win32.Build.0 = Debug_Unicode|Win32
		{D2DCD2DF-F137-4E5E-90CE-6DB4553C1DA9}.Release_Manager|Any CPU.ActiveCfg = Release_Unicode|Win32
		{D2DCD2DF-F137-4E5E-90CE-6DB4553C1DA9}.Release_Manager|Any CPU.Build.0 = Release_Unicode|Win32
		{D2DCD2DF-F137-4E5E-90CE-6DB4553C1DA9}.Release_Manager|Win32.ActiveCfg = Release_Unicode|Win32
		{D2DCD2DF-F137-4E5E-90CE-6DB4553C1DA9}.Release_Manager|Win32.Build.0 = Release_Unicode|Win32
		{D2DCD2DF-F137-4E5E-90CE-6DB4553C1DA9}.Release_Unicode|Any CPU.ActiveCfg = Release_Unicode|Win32
		{D2DCD2DF-F137-4E5E-90CE-6DB4553C1DA9}.Release_Unicode|Win32.ActiveCfg = Release_Unicode|Win32
		{D2DCD2DF-F137-4E5E-90CE-6DB4553C1DA9}.Release_Unicode|Win32.Build.0 = Release_Unicode|Win32
		{D2DCD2DF-F137-4E5E-90CE-6DB4553C1DA9}.Release|Any CPU.ActiveCfg = Release_Unicode|Win32
		{D2DCD2DF-F137-4E5E-90CE-6DB4553C1DA9}.Release|Any CPU.Build.0 = Release_Unicode|Win32
		{D2DCD2DF-F137-4E5E-90CE-6DB4553C1DA9}.Release|Win32.ActiveCfg = Release_Unicode|Win32
		{D2DCD2DF-F137-4E5E-90CE-6DB4553C1DA9}.Release|Win32.Build.0 = Release_Unicode|Win32
		{D2DCD2DF-F137-4E5E-90CE-6DB4553C1DA9}.ReleaseVD|Any CPU.ActiveCfg = Release_Unicode|Win32
		{D2DCD2DF-F137-4E5E-90CE-6DB4553C1DA9}.ReleaseVD|Any CPU.Build.0 = Release_Unicode|Win32
		{D2DCD2DF-F137-4E5E-90CE-6DB4553C1DA9}.ReleaseVD|Win32.ActiveCfg = Release_Unicode|Win32
		{D2DCD2DF-F137-4E5E-90CE-6DB4553C1DA9}.ReleaseVD|Win32.Build.0 = Release_Unicode|Win32
	EndGlobalSection
	GlobalSection(SolutionProperties) = preSolution
		HideSolutionNode = FALSE
	EndGlobalSection
	GlobalSection(DPCodeReviewSolutionGUID) = preSolution
		DPCodeReviewSolutionGUID = {00000000-0000-0000-0000-000000000000}
	EndGlobalSection
EndGlobal
